
Microsoft Visual Studio Solution File, Format Version 12.00
# Visual Studio Version 17
VisualStudioVersion = 17.7.34018.315
MinimumVisualStudioVersion = 10.0.40219.1
Project("{FAE04EC0-301F-11D3-BF4B-00C04F79EFBC}") = "ExamenT2", "ExamenT2.csproj", "{79F0FA95-847A-4BF6-A7D8-BB5D9693B81F}"
EndProject
Global
	GlobalSection(SolutionConfigurationPlatforms) = preSolution
		Debug|Any CPU = Debug|Any CPU
		Release|Any CPU = Release|Any CPU
	EndGlobalSection
	GlobalSection(ProjectConfigurationPlatforms) = postSolution
		{79F0FA95-847A-4BF6-A7D8-BB5D9693B81F}.Debug|Any CPU.ActiveCfg = Debug|Any CPU
		{79F0FA95-847A-4BF6-A7D8-BB5D9693B81F}.Debug|Any CPU.Build.0 = Debug|Any CPU
		{79F0FA95-847A-4BF6-A7D8-BB5D9693B81F}.Release|Any CPU.ActiveCfg = Release|Any CPU
		{79F0FA95-847A-4BF6-A7D8-BB5D9693B81F}.Release|Any CPU.Build.0 = Release|Any CPU
	EndGlobalSection
	GlobalSection(SolutionProperties) = preSolution
		HideSolutionNode = FALSE
	EndGlobalSection
	GlobalSection(ExtensibilityGlobals) = postSolution
		SolutionGuid = {30C13080-2F34-4190-ADA7-8CC4354E2D43}
	EndGlobalSection
EndGlobal
